
Microsoft Visual Studio Solution File, Format Version 12.00
# Visual Studio Version 17
VisualStudioVersion = 17.14.37012.4 d17.14
MinimumVisualStudioVersion = 10.0.40219.1
Project("{FAE04EC0-301F-11D3-BF4B-00C04F79EFBC}") = "JSCodeSandbox.WebAPI", "JSCodeSandbox.WebAPI\JSCodeSandbox.WebAPI.csproj", "{E97C7FE5-9B65-4C75-913C-620F29D2F8C2}"
EndProject
Project("{FAE04EC0-301F-11D3-BF4B-00C04F79EFBC}") = "JSCodeSandbox", "JSCodeSandbox\JSCodeSandbox.csproj", "{D5CDCFAE-0749-4AA8-B70B-85E1AFDCA3C1}"
EndProject
Project("{FAE04EC0-301F-11D3-BF4B-00C04F79EFBC}") = "JSCodeSandbox.Infrastructure", "JSCodeSandbox.Infrastructure\JSCodeSandbox.Infrastructure.csproj", "{7CBEE550-D19B-4766-A413-B0439A5EFF2B}"
EndProject
Project("{FAE04EC0-301F-11D3-BF4B-00C04F79EFBC}") = "JSCodeSandbox.Application", "JSCodeSandbox.Application\JSCodeSandbox.Application.csproj", "{FA2AA9FC-2094-40D1-8B10-B2B1C6B22B4D}"
EndProject
Global
	GlobalSection(SolutionConfigurationPlatforms) = preSolution
		Debug|Any CPU = Debug|Any CPU
		Release|Any CPU = Release|Any CPU
	EndGlobalSection
	GlobalSection(ProjectConfigurationPlatforms) = postSolution
		{E97C7FE5-9B65-4C75-913C-620F29D2F8C2}.Debug|Any CPU.ActiveCfg = Debug|Any CPU
		{E97C7FE5-9B65-4C75-913C-620F29D2F8C2}.Debug|Any CPU.Build.0 = Debug|Any CPU
		{E97C7FE5-9B65-4C75-913C-620F29D2F8C2}.Release|Any CPU.ActiveCfg = Release|Any CPU
		{E97C7FE5-9B65-4C75-913C-620F29D2F8C2}.Release|Any CPU.Build.0 = Release|Any CPU
		{D5CDCFAE-0749-4AA8-B70B-85E1AFDCA3C1}.Debug|Any CPU.ActiveCfg = Debug|Any CPU
		{D5CDCFAE-0749-4AA8-B70B-85E1AFDCA3C1}.Debug|Any CPU.Build.0 = Debug|Any CPU
		{D5CDCFAE-0749-4AA8-B70B-85E1AFDCA3C1}.Release|Any CPU.ActiveCfg = Release|Any CPU
		{D5CDCFAE-0749-4AA8-B70B-85E1AFDCA3C1}.Release|Any CPU.Build.0 = Release|Any CPU
		{7CBEE550-D19B-4766-A413-B0439A5EFF2B}.Debug|Any CPU.ActiveCfg = Debug|Any CPU
		{7CBEE550-D19B-4766-A413-B0439A5EFF2B}.Debug|Any CPU.Build.0 = Debug|Any CPU
		{7CBEE550-D19B-4766-A413-B0439A5EFF2B}.Release|Any CPU.ActiveCfg = Release|Any CPU
		{7CBEE550-D19B-4766-A413-B0439A5EFF2B}.Release|Any CPU.Build.0 = Release|Any CPU
		{FA2AA9FC-2094-40D1-8B10-B2B1C6B22B4D}.Debug|Any CPU.ActiveCfg = Debug|Any CPU
		{FA2AA9FC-2094-40D1-8B10-B2B1C6B22B4D}.Debug|Any CPU.Build.0 = Debug|Any CPU
		{FA2AA9FC-2094-40D1-8B10-B2B1C6B22B4D}.Release|Any CPU.ActiveCfg = Release|Any CPU
		{FA2AA9FC-2094-40D1-8B10-B2B1C6B22B4D}.Release|Any CPU.Build.0 = Release|Any CPU
	EndGlobalSection
	GlobalSection(SolutionProperties) = preSolution
		HideSolutionNode = FALSE
	EndGlobalSection
	GlobalSection(ExtensibilityGlobals) = postSolution
		SolutionGuid = {DBC25868-CB61-4E9F-8113-48A389B3381F}
	EndGlobalSection
EndGlobal
